
Microsoft Visual Studio Solution File, Format Version 12.00
# Visual Studio Version 16
VisualStudioVersion = 16.0.30114.105
MinimumVisualStudioVersion = 10.0.40219.1
Project("{FAE04EC0-301F-11D3-BF4B-00C04F79EFBC}") = "PSG_Demo", "PSG_Demo\PSG_Demo.csproj", "{F6C806F5-8DCC-4E83-9D42-FF3B380D91B9}"
EndProject
Global
	GlobalSection(SolutionConfigurationPlatforms) = preSolution
		Debug|Any CPU = Debug|Any CPU
		Release|Any CPU = Release|Any CPU
	EndGlobalSection
	GlobalSection(ProjectConfigurationPlatforms) = postSolution
		{F6C806F5-8DCC-4E83-9D42-FF3B380D91B9}.Debug|Any CPU.ActiveCfg = Debug|Any CPU
		{F6C806F5-8DCC-4E83-9D42-FF3B380D91B9}.Debug|Any CPU.Build.0 = Debug|Any CPU
		{F6C806F5-8DCC-4E83-9D42-FF3B380D91B9}.Release|Any CPU.ActiveCfg = Release|Any CPU
		{F6C806F5-8DCC-4E83-9D42-FF3B380D91B9}.Release|Any CPU.Build.0 = Release|Any CPU
	EndGlobalSection
	GlobalSection(SolutionProperties) = preSolution
		HideSolutionNode = FALSE
	EndGlobalSection
	GlobalSection(ExtensibilityGlobals) = postSolution
		SolutionGuid = {7158BC47-CD37-4211-BC30-FC5E6AFA8A2C}
	EndGlobalSection
EndGlobal
